
Microsoft Visual Studio Solution File, Format Version 12.00
# Visual Studio 15
VisualStudioVersion = 15.0.27428.2037
MinimumVisualStudioVersion = 10.0.40219.1
Project("{FAE04EC0-301F-11D3-BF4B-00C04F79EFBC}") = "convertstringtoarray", "convertstringtoarray\convertstringtoarray.csproj", "{8E09E238-65CD-4EF0-B9F2-B2E9C3E090C4}"
EndProject
Global
	GlobalSection(SolutionConfigurationPlatforms) = preSolution
		Debug|Any CPU = Debug|Any CPU
		Release|Any CPU = Release|Any CPU
	EndGlobalSection
	GlobalSection(ProjectConfigurationPlatforms) = postSolution
		{8E09E238-65CD-4EF0-B9F2-B2E9C3E090C4}.Debug|Any CPU.ActiveCfg = Debug|Any CPU
		{8E09E238-65CD-4EF0-B9F2-B2E9C3E090C4}.Debug|Any CPU.Build.0 = Debug|Any CPU
		{8E09E238-65CD-4EF0-B9F2-B2E9C3E090C4}.Release|Any CPU.ActiveCfg = Release|Any CPU
		{8E09E238-65CD-4EF0-B9F2-B2E9C3E090C4}.Release|Any CPU.Build.0 = Release|Any CPU
	EndGlobalSection
	GlobalSection(SolutionProperties) = preSolution
		HideSolutionNode = FALSE
	EndGlobalSection
	GlobalSection(ExtensibilityGlobals) = postSolution
		SolutionGuid = {C483B212-AD5B-4C2F-874E-D974EF34D054}
	EndGlobalSection
EndGlobal
